
Microsoft Visual Studio Solution File, Format Version 12.00
# Visual Studio 15
VisualStudioVersion = 15.0.27703.2000
MinimumVisualStudioVersion = 10.0.40219.1
Project("{FAE04EC0-301F-11D3-BF4B-00C04F79EFBC}") = "Dog Code", "Dog Code\Dog Code.csproj", "{28244F54-ABB6-430F-8304-94DD7F2C2335}"
EndProject
Global
	GlobalSection(SolutionConfigurationPlatforms) = preSolution
		Debug|Any CPU = Debug|Any CPU
		Release|Any CPU = Release|Any CPU
	EndGlobalSection
	GlobalSection(ProjectConfigurationPlatforms) = postSolution
		{28244F54-ABB6-430F-8304-94DD7F2C2335}.Debug|Any CPU.ActiveCfg = Debug|Any CPU
		{28244F54-ABB6-430F-8304-94DD7F2C2335}.Debug|Any CPU.Build.0 = Debug|Any CPU
		{28244F54-ABB6-430F-8304-94DD7F2C2335}.Release|Any CPU.ActiveCfg = Release|Any CPU
		{28244F54-ABB6-430F-8304-94DD7F2C2335}.Release|Any CPU.Build.0 = Release|Any CPU
	EndGlobalSection
	GlobalSection(SolutionProperties) = preSolution
		HideSolutionNode = FALSE
	EndGlobalSection
	GlobalSection(ExtensibilityGlobals) = postSolution
		SolutionGuid = {6C9E6659-435D-401E-A801-E0AAD046B86A}
	EndGlobalSection
EndGlobal
